
Microsoft Visual Studio Solution File, Format Version 12.00
# Visual Studio Version 17
VisualStudioVersion = 17.13.35825.156
MinimumVisualStudioVersion = 10.0.40219.1
Project("{8BC9CEB8-8B4A-11D0-8D11-00A0C91BC942}") = "과제 2-1", "과제 2-1\과제 2-1.vcxproj", "{570C0760-FA00-4460-810F-7FE9C7B2FFE3}"
EndProject
Project("{8BC9CEB8-8B4A-11D0-8D11-00A0C91BC942}") = "과제 2-2", "과제 2-2\과제 2-2.vcxproj", "{8EB06782-4BC7-4F9E-8DFA-5FB1DD761FB9}"
EndProject
Project("{8BC9CEB8-8B4A-11D0-8D11-00A0C91BC942}") = "과제 2-3", "과제 2-3\과제 2-3.vcxproj", "{7340E57E-EA95-4AF6-AD6C-F8C608A73C17}"
EndProject
Project("{8BC9CEB8-8B4A-11D0-8D11-00A0C91BC942}") = "과제 2-4", "과제 2-4\과제 2-4.vcxproj", "{46374F42-FF39-43CD-9850-4768FB059753}"
EndProject
Project("{8BC9CEB8-8B4A-11D0-8D11-00A0C91BC942}") = "과제 3-1", "과제 3-1\과제 3-1.vcxproj", "{EAA1BCBA-05BD-4CF8-B019-6C9F62F8D666}"
EndProject
Project("{8BC9CEB8-8B4A-11D0-8D11-00A0C91BC942}") = "과제 3-2", "과제 3-2\과제 3-2.vcxproj", "{922D5DFD-3ABC-4FC3-9CA4-752DC19DD156}"
EndProject
Project("{8BC9CEB8-8B4A-11D0-8D11-00A0C91BC942}") = "과제 4-1", "과제 4-1\과제 4-1.vcxproj", "{92AD82B6-0F38-41BF-B068-7E4AFA99FD05}"
EndProject
Project("{8BC9CEB8-8B4A-11D0-8D11-00A0C91BC942}") = "과제 4-2", "과제 4-2\과제 4-2.vcxproj", "{5430844E-1F51-4730-B38B-3AFEAE771E3E}"
EndProject
Project("{8BC9CEB8-8B4A-11D0-8D11-00A0C91BC942}") = "과제 4-3", "과제 4-3\과제 4-3.vcxproj", "{FD3184D4-70C1-4A22-93DD-666A7274F6E2}"
EndProject
Project("{8BC9CEB8-8B4A-11D0-8D11-00A0C91BC942}") = "과제 5-1", "과제 5-1\과제 5-1.vcxproj", "{D4A10D7C-8170-4592-8C8E-5F3C374D82D9}"
EndProject
Project("{8BC9CEB8-8B4A-11D0-8D11-00A0C91BC942}") = "과제 5-2", "과제 5-2\과제 5-2.vcxproj", "{F32202AC-98CC-467C-928C-639CCCCEC870}"
EndProject
Project("{8BC9CEB8-8B4A-11D0-8D11-00A0C91BC942}") = "과제 5-3", "과제 5-3\과제 5-3.vcxproj", "{1AB78188-D6A3-4B7C-BEC8-933C688A3467}"
EndProject
Project("{8BC9CEB8-8B4A-11D0-8D11-00A0C91BC942}") = "과제 6-3", "과제 6-3\과제 6-3.vcxproj", "{2A3118C0-A480-423A-95EC-CBAD876D21D3}"
EndProject
Project("{8BC9CEB8-8B4A-11D0-8D11-00A0C91BC942}") = "과제 6-1(1)", "과제 6-1(1)\과제 6-1(1).vcxproj", "{74293EB0-B8DB-4790-A5D0-22D521674619}"
EndProject
Project("{8BC9CEB8-8B4A-11D0-8D11-00A0C91BC942}") = "과제 6-2(1)", "과제 6-2(1)\과제 6-2(1).vcxproj", "{4200B59E-FE25-40F4-8542-A9D36808C341}"
EndProject
Project("{8BC9CEB8-8B4A-11D0-8D11-00A0C91BC942}") = "과제 6-2(2)", "과제 6-2(2)\과제 6-2(2).vcxproj", "{5F3A783C-779D-44B4-9CC6-BCBF78D2EC52}"
EndProject
Project("{8BC9CEB8-8B4A-11D0-8D11-00A0C91BC942}") = "과제 6-1(2)", "과제 6-1(2)\과제 6-1(2).vcxproj", "{E8C7583F-CE50-4389-99E7-889A41BBC008}"
EndProject
Global
	GlobalSection(SolutionConfigurationPlatforms) = preSolution
		Debug|x64 = Debug|x64
		Debug|x86 = Debug|x86
		Release|x64 = Release|x64
		Release|x86 = Release|x86
	EndGlobalSection
	GlobalSection(ProjectConfigurationPlatforms) = postSolution
		{570C0760-FA00-4460-810F-7FE9C7B2FFE3}.Debug|x64.ActiveCfg = Debug|x64
		{570C0760-FA00-4460-810F-7FE9C7B2FFE3}.Debug|x64.Build.0 = Debug|x64
		{570C0760-FA00-4460-810F-7FE9C7B2FFE3}.Debug|x86.ActiveCfg = Debug|Win32
		{570C0760-FA00-4460-810F-7FE9C7B2FFE3}.Debug|x86.Build.0 = Debug|Win32
		{570C0760-FA00-4460-810F-7FE9C7B2FFE3}.Release|x64.ActiveCfg = Release|x64
		{570C0760-FA00-4460-810F-7FE9C7B2FFE3}.Release|x64.Build.0 = Release|x64
		{570C0760-FA00-4460-810F-7FE9C7B2FFE3}.Release|x86.ActiveCfg = Release|Win32
		{570C0760-FA00-4460-810F-7FE9C7B2FFE3}.Release|x86.Build.0 = Release|Win32
		{8EB06782-4BC7-4F9E-8DFA-5FB1DD761FB9}.Debug|x64.ActiveCfg = Debug|x64
		{8EB06782-4BC7-4F9E-8DFA-5FB1DD761FB9}.Debug|x64.Build.0 = Debug|x64
		{8EB06782-4BC7-4F9E-8DFA-5FB1DD761FB9}.Debug|x86.ActiveCfg = Debug|Win32
		{8EB06782-4BC7-4F9E-8DFA-5FB1DD761FB9}.Debug|x86.Build.0 = Debug|Win32
		{8EB06782-4BC7-4F9E-8DFA-5FB1DD761FB9}.Release|x64.ActiveCfg = Release|x64
		{8EB06782-4BC7-4F9E-8DFA-5FB1DD761FB9}.Release|x64.Build.0 = Release|x64
		{8EB06782-4BC7-4F9E-8DFA-5FB1DD761FB9}.Release|x86.ActiveCfg = Release|Win32
		{8EB06782-4BC7-4F9E-8DFA-5FB1DD761FB9}.Release|x86.Build.0 = Release|Win32
		{7340E57E-EA95-4AF6-AD6C-F8C608A73C17}.Debug|x64.ActiveCfg = Debug|x64
		{7340E57E-EA95-4AF6-AD6C-F8C608A73C17}.Debug|x64.Build.0 = Debug|x64
		{7340E57E-EA95-4AF6-AD6C-F8C608A73C17}.Debug|x86.ActiveCfg = Debug|Win32
		{7340E57E-EA95-4AF6-AD6C-F8C608A73C17}.Debug|x86.Build.0 = Debug|Win32
		{7340E57E-EA95-4AF6-AD6C-F8C608A73C17}.Release|x64.ActiveCfg = Release|x64
		{7340E57E-EA95-4AF6-AD6C-F8C608A73C17}.Release|x64.Build.0 = Release|x64
		{7340E57E-EA95-4AF6-AD6C-F8C608A73C17}.Release|x86.ActiveCfg = Release|Win32
		{7340E57E-EA95-4AF6-AD6C-F8C608A73C17}.Release|x86.Build.0 = Release|Win32
		{46374F42-FF39-43CD-9850-4768FB059753}.Debug|x64.ActiveCfg = Debug|x64
		{46374F42-FF39-43CD-9850-4768FB059753}.Debug|x64.Build.0 = Debug|x64
		{46374F42-FF39-43CD-9850-4768FB059753}.Debug|x86.ActiveCfg = Debug|Win32
		{46374F42-FF39-43CD-9850-4768FB059753}.Debug|x86.Build.0 = Debug|Win32
		{46374F42-FF39-43CD-9850-4768FB059753}.Release|x64.ActiveCfg = Release|x64
		{46374F42-FF39-43CD-9850-4768FB059753}.Release|x64.Build.0 = Release|x64
		{46374F42-FF39-43CD-9850-4768FB059753}.Release|x86.ActiveCfg = Release|Win32
		{46374F42-FF39-43CD-9850-4768FB059753}.Release|x86.Build.0 = Release|Win32
		{EAA1BCBA-05BD-4CF8-B019-6C9F62F8D666}.Debug|x64.ActiveCfg = Debug|x64
		{EAA1BCBA-05BD-4CF8-B019-6C9F62F8D666}.Debug|x64.Build.0 = Debug|x64
		{EAA1BCBA-05BD-4CF8-B019-6C9F62F8D666}.Debug|x86.ActiveCfg = Debug|Win32
		{EAA1BCBA-05BD-4CF8-B019-6C9F62F8D666}.Debug|x86.Build.0 = Debug|Win32
		{EAA1BCBA-05BD-4CF8-B019-6C9F62F8D666}.Release|x64.ActiveCfg = Release|x64
		{EAA1BCBA-05BD-4CF8-B019-6C9F62F8D666}.Release|x64.Build.0 = Release|x64
		{EAA1BCBA-05BD-4CF8-B019-6C9F62F8D666}.Release|x86.ActiveCfg = Release|Win32
		{EAA1BCBA-05BD-4CF8-B019-6C9F62F8D666}.Release|x86.Build.0 = Release|Win32
		{922D5DFD-3ABC-4FC3-9CA4-752DC19DD156}.Debug|x64.ActiveCfg = Debug|x64
		{922D5DFD-3ABC-4FC3-9CA4-752DC19DD156}.Debug|x64.Build.0 = Debug|x64
		{922D5DFD-3ABC-4FC3-9CA4-752DC19DD156}.Debug|x86.ActiveCfg = Debug|Win32
		{922D5DFD-3ABC-4FC3-9CA4-752DC19DD156}.Debug|x86.Build.0 = Debug|Win32
		{922D5DFD-3ABC-4FC3-9CA4-752DC19DD156}.Release|x64.ActiveCfg = Release|x64
		{922D5DFD-3ABC-4FC3-9CA4-752DC19DD156}.Release|x64.Build.0 = Release|x64
		{922D5DFD-3ABC-4FC3-9CA4-752DC19DD156}.Release|x86.ActiveCfg = Release|Win32
		{922D5DFD-3ABC-4FC3-9CA4-752DC19DD156}.Release|x86.Build.0 = Release|Win32
		{92AD82B6-0F38-41BF-B068-7E4AFA99FD05}.Debug|x64.ActiveCfg = Debug|x64
		{92AD82B6-0F38-41BF-B068-7E4AFA99FD05}.Debug|x64.Build.0 = Debug|x64
		{92AD82B6-0F38-41BF-B068-7E4AFA99FD05}.Debug|x86.ActiveCfg = Debug|Win32
		{92AD82B6-0F38-41BF-B068-7E4AFA99FD05}.Debug|x86.Build.0 = Debug|Win32
		{92AD82B6-0F38-41BF-B068-7E4AFA99FD05}.Release|x64.ActiveCfg = Release|x64
		{92AD82B6-0F38-41BF-B068-7E4AFA99FD05}.Release|x64.Build.0 = Release|x64
		{92AD82B6-0F38-41BF-B068-7E4AFA99FD05}.Release|x86.ActiveCfg = Release|Win32
		{92AD82B6-0F38-41BF-B068-7E4AFA99FD05}.Release|x86.Build.0 = Release|Win32
		{5430844E-1F51-4730-B38B-3AFEAE771E3E}.Debug|x64.ActiveCfg = Debug|x64
		{5430844E-1F51-4730-B38B-3AFEAE771E3E}.Debug|x64.Build.0 = Debug|x64
		{5430844E-1F51-4730-B38B-3AFEAE771E3E}.Debug|x86.ActiveCfg = Debug|Win32
		{5430844E-1F51-4730-B38B-3AFEAE771E3E}.Debug|x86.Build.0 = Debug|Win32
		{5430844E-1F51-4730-B38B-3AFEAE771E3E}.Release|x64.ActiveCfg = Release|x64
		{5430844E-1F51-4730-B38B-3AFEAE771E3E}.Release|x64.Build.0 = Release|x64
		{5430844E-1F51-4730-B38B-3AFEAE771E3E}.Release|x86.ActiveCfg = Release|Win32
		{5430844E-1F51-4730-B38B-3AFEAE771E3E}.Release|x86.Build.0 = Release|Win32
		{FD3184D4-70C1-4A22-93DD-666A7274F6E2}.Debug|x64.ActiveCfg = Debug|x64
		{FD3184D4-70C1-4A22-93DD-666A7274F6E2}.Debug|x64.Build.0 = Debug|x64
		{FD3184D4-70C1-4A22-93DD-666A7274F6E2}.Debug|x86.ActiveCfg = Debug|Win32
		{FD3184D4-70C1-4A22-93DD-666A7274F6E2}.Debug|x86.Build.0 = Debug|Win32
		{FD3184D4-70C1-4A22-93DD-666A7274F6E2}.Release|x64.ActiveCfg = Release|x64
		{FD3184D4-70C1-4A22-93DD-666A7274F6E2}.Release|x64.Build.0 = Release|x64
		{FD3184D4-70C1-4A22-93DD-666A7274F6E2}.Release|x86.ActiveCfg = Release|Win32
		{FD3184D4-70C1-4A22-93DD-666A7274F6E2}.Release|x86.Build.0 = Release|Win32
		{D4A10D7C-8170-4592-8C8E-5F3C374D82D9}.Debug|x64.ActiveCfg = Debug|x64
		{D4A10D7C-8170-4592-8C8E-5F3C374D82D9}.Debug|x64.Build.0 = Debug|x64
		{D4A10D7C-8170-4592-8C8E-5F3C374D82D9}.Debug|x86.ActiveCfg = Debug|Win32
		{D4A10D7C-8170-4592-8C8E-5F3C374D82D9}.Debug|x86.Build.0 = Debug|Win32
		{D4A10D7C-8170-4592-8C8E-5F3C374D82D9}.Release|x64.ActiveCfg = Release|x64
		{D4A10D7C-8170-4592-8C8E-5F3C374D82D9}.Release|x64.Build.0 = Release|x64
		{D4A10D7C-8170-4592-8C8E-5F3C374D82D9}.Release|x86.ActiveCfg = Release|Win32
		{D4A10D7C-8170-4592-8C8E-5F3C374D82D9}.Release|x86.Build.0 = Release|Win32
		{F32202AC-98CC-467C-928C-639CCCCEC870}.Debug|x64.ActiveCfg = Debug|x64
		{F32202AC-98CC-467C-928C-639CCCCEC870}.Debug|x64.Build.0 = Debug|x64
		{F32202AC-98CC-467C-928C-639CCCCEC870}.Debug|x86.ActiveCfg = Debug|Win32
		{F32202AC-98CC-467C-928C-639CCCCEC870}.Debug|x86.Build.0 = Debug|Win32
		{F32202AC-98CC-467C-928C-639CCCCEC870}.Release|x64.ActiveCfg = Release|x64
		{F32202AC-98CC-467C-928C-639CCCCEC870}.Release|x64.Build.0 = Release|x64
		{F32202AC-98CC-467C-928C-639CCCCEC870}.Release|x86.ActiveCfg = Release|Win32
		{F32202AC-98CC-467C-928C-639CCCCEC870}.Release|x86.Build.0 = Release|Win32
		{1AB78188-D6A3-4B7C-BEC8-933C688A3467}.Debug|x64.ActiveCfg = Debug|x64
		{1AB78188-D6A3-4B7C-BEC8-933C688A3467}.Debug|x64.Build.0 = Debug|x64
		{1AB78188-D6A3-4B7C-BEC8-933C688A3467}.Debug|x86.ActiveCfg = Debug|Win32
		{1AB78188-D6A3-4B7C-BEC8-933C688A3467}.Debug|x86.Build.0 = Debug|Win32
		{1AB78188-D6A3-4B7C-BEC8-933C688A3467}.Release|x64.ActiveCfg = Release|x64
		{1AB78188-D6A3-4B7C-BEC8-933C688A3467}.Release|x64.Build.0 = Release|x64
		{1AB78188-D6A3-4B7C-BEC8-933C688A3467}.Release|x86.ActiveCfg = Release|Win32
		{1AB78188-D6A3-4B7C-BEC8-933C688A3467}.Release|x86.Build.0 = Release|Win32
		{2A3118C0-A480-423A-95EC-CBAD876D21D3}.Debug|x64.ActiveCfg = Debug|x64
		{2A3118C0-A480-423A-95EC-CBAD876D21D3}.Debug|x64.Build.0 = Debug|x64
		{2A3118C0-A480-423A-95EC-CBAD876D21D3}.Debug|x86.ActiveCfg = Debug|Win32
		{2A3118C0-A480-423A-95EC-CBAD876D21D3}.Debug|x86.Build.0 = Debug|Win32
		{2A3118C0-A480-423A-95EC-CBAD876D21D3}.Release|x64.ActiveCfg = Release|x64
		{2A3118C0-A480-423A-95EC-CBAD876D21D3}.Release|x64.Build.0 = Release|x64
		{2A3118C0-A480-423A-95EC-CBAD876D21D3}.Release|x86.ActiveCfg = Release|Win32
		{2A3118C0-A480-423A-95EC-CBAD876D21D3}.Release|x86.Build.0 = Release|Win32
		{74293EB0-B8DB-4790-A5D0-22D521674619}.Debug|x64.ActiveCfg = Debug|x64
		{74293EB0-B8DB-4790-A5D0-22D521674619}.Debug|x64.Build.0 = Debug|x64
		{74293EB0-B8DB-4790-A5D0-22D521674619}.Debug|x86.ActiveCfg = Debug|Win32
		{74293EB0-B8DB-4790-A5D0-22D521674619}.Debug|x86.Build.0 = Debug|Win32
		{74293EB0-B8DB-4790-A5D0-22D521674619}.Release|x64.ActiveCfg = Release|x64
		{74293EB0-B8DB-4790-A5D0-22D521674619}.Release|x64.Build.0 = Release|x64
		{74293EB0-B8DB-4790-A5D0-22D521674619}.Release|x86.ActiveCfg = Release|Win32
		{74293EB0-B8DB-4790-A5D0-22D521674619}.Release|x86.Build.0 = Release|Win32
		{4200B59E-FE25-40F4-8542-A9D36808C341}.Debug|x64.ActiveCfg = Debug|x64
		{4200B59E-FE25-40F4-8542-A9D36808C341}.Debug|x64.Build.0 = Debug|x64
		{4200B59E-FE25-40F4-8542-A9D36808C341}.Debug|x86.ActiveCfg = Debug|Win32
		{4200B59E-FE25-40F4-8542-A9D36808C341}.Debug|x86.Build.0 = Debug|Win32
		{4200B59E-FE25-40F4-8542-A9D36808C341}.Release|x64.ActiveCfg = Release|x64
		{4200B59E-FE25-40F4-8542-A9D36808C341}.Release|x64.Build.0 = Release|x64
		{4200B59E-FE25-40F4-8542-A9D36808C341}.Release|x86.ActiveCfg = Release|Win32
		{4200B59E-FE25-40F4-8542-A9D36808C341}.Release|x86.Build.0 = Release|Win32
		{5F3A783C-779D-44B4-9CC6-BCBF78D2EC52}.Debug|x64.ActiveCfg = Debug|x64
		{5F3A783C-779D-44B4-9CC6-BCBF78D2EC52}.Debug|x64.Build.0 = Debug|x64
		{5F3A783C-779D-44B4-9CC6-BCBF78D2EC52}.Debug|x86.ActiveCfg = Debug|Win32
		{5F3A783C-779D-44B4-9CC6-BCBF78D2EC52}.Debug|x86.Build.0 = Debug|Win32
		{5F3A783C-779D-44B4-9CC6-BCBF78D2EC52}.Release|x64.ActiveCfg = Release|x64
		{5F3A783C-779D-44B4-9CC6-BCBF78D2EC52}.Release|x64.Build.0 = Release|x64
		{5F3A783C-779D-44B4-9CC6-BCBF78D2EC52}.Release|x86.ActiveCfg = Release|Win32
		{5F3A783C-779D-44B4-9CC6-BCBF78D2EC52}.Release|x86.Build.0 = Release|Win32
		{E8C7583F-CE50-4389-99E7-889A41BBC008}.Debug|x64.ActiveCfg = Debug|x64
		{E8C7583F-CE50-4389-99E7-889A41BBC008}.Debug|x64.Build.0 = Debug|x64
		{E8C7583F-CE50-4389-99E7-889A41BBC008}.Debug|x86.ActiveCfg = Debug|Win32
		{E8C7583F-CE50-4389-99E7-889A41BBC008}.Debug|x86.Build.0 = Debug|Win32
		{E8C7583F-CE50-4389-99E7-889A41BBC008}.Release|x64.ActiveCfg = Release|x64
		{E8C7583F-CE50-4389-99E7-889A41BBC008}.Release|x64.Build.0 = Release|x64
		{E8C7583F-CE50-4389-99E7-889A41BBC008}.Release|x86.ActiveCfg = Release|Win32
		{E8C7583F-CE50-4389-99E7-889A41BBC008}.Release|x86.Build.0 = Release|Win32
	EndGlobalSection
	GlobalSection(SolutionProperties) = preSolution
		HideSolutionNode = FALSE
	EndGlobalSection
	GlobalSection(ExtensibilityGlobals) = postSolution
		SolutionGuid = {6F450841-CAF5-4BB1-B23E-49741E8E0211}
	EndGlobalSection
EndGlobal
