
Microsoft Visual Studio Solution File, Format Version 12.00
# Visual Studio Version 17
VisualStudioVersion = 17.13.35825.156
MinimumVisualStudioVersion = 10.0.40219.1
Project("{8BC9CEB8-8B4A-11D0-8D11-00A0C91BC942}") = "과제 2-1", "과제 2-1\과제 2-1.vcxproj", "{570C0760-FA00-4460-810F-7FE9C7B2FFE3}"
EndProject
Project("{8BC9CEB8-8B4A-11D0-8D11-00A0C91BC942}") = "과제 2-2", "과제 2-2\과제 2-2.vcxproj", "{8EB06782-4BC7-4F9E-8DFA-5FB1DD761FB9}"
EndProject
Project("{8BC9CEB8-8B4A-11D0-8D11-00A0C91BC942}") = "과제 2-3", "과제 2-3\과제 2-3.vcxproj", "{7340E57E-EA95-4AF6-AD6C-F8C608A73C17}"
EndProject
Project("{8BC9CEB8-8B4A-11D0-8D11-00A0C91BC942}") = "과제 2-4", "과제 2-4\과제 2-4.vcxproj", "{46374F42-FF39-43CD-9850-4768FB059753}"
EndProject
Project("{8BC9CEB8-8B4A-11D0-8D11-00A0C91BC942}") = "과제 3-1", "과제 3-1\과제 3-1.vcxproj", "{EAA1BCBA-05BD-4CF8-B019-6C9F62F8D666}"
EndProject
Project("{8BC9CEB8-8B4A-11D0-8D11-00A0C91BC942}") = "과제 3-2", "과제 3-2\과제 3-2.vcxproj", "{922D5DFD-3ABC-4FC3-9CA4-752DC19DD156}"
EndProject
Project("{8BC9CEB8-8B4A-11D0-8D11-00A0C91BC942}") = "과제 4-1", "과제 4-1\과제 4-1.vcxproj", "{92AD82B6-0F38-41BF-B068-7E4AFA99FD05}"
EndProject
Project("{8BC9CEB8-8B4A-11D0-8D11-00A0C91BC942}") = "과제 4-2", "과제 4-2\과제 4-2.vcxproj", "{5430844E-1F51-4730-B38B-3AFEAE771E3E}"
EndProject
Project("{8BC9CEB8-8B4A-11D0-8D11-00A0C91BC942}") = "과제 4-3", "과제 4-3\과제 4-3.vcxproj", "{FD3184D4-70C1-4A22-93DD-666A7274F6E2}"
EndProject
Project("{8BC9CEB8-8B4A-11D0-8D11-00A0C91BC942}") = "과제 5-1", "과제 5-1\과제 5-1.vcxproj", "{D4A10D7C-8170-4592-8C8E-5F3C374D82D9}"
EndProject
Project("{8BC9CEB8-8B4A-11D0-8D11-00A0C91BC942}") = "과제 5-2", "과제 5-2\과제 5-2.vcxproj", "{F32202AC-98CC-467C-928C-639CCCCEC870}"
EndProject
Project("{8BC9CEB8-8B4A-11D0-8D11-00A0C91BC942}") = "과제 5-3", "과제 5-3\과제 5-3.vcxproj", "{1AB78188-D6A3-4B7C-BEC8-933C688A3467}"
EndProject
Project("{8BC9CEB8-8B4A-11D0-8D11-00A0C91BC942}") = "과제 6-3", "과제 6-3\과제 6-3.vcxproj", "{2A3118C0-A480-423A-95EC-CBAD876D21D3}"
EndProject
Project("{8BC9CEB8-8B4A-11D0-8D11-00A0C91BC942}") = "과제 6-1(1)", "과제 6-1(1)\과제 6-1(1).vcxproj", "{74293EB0-B8DB-4790-A5D0-22D521674619}"
EndProject
Project("{8BC9CEB8-8B4A-11D0-8D11-00A0C91BC942}") = "과제 6-2(1)", "과제 6-2(1)\과제 6-2(1).vcxproj", "{4200B59E-FE25-40F4-8542-A9D36808C341}"
EndProject
Project("{8BC9CEB8-8B4A-11D0-8D11-00A0C91BC942}") = "과제 6-2(2)", "과제 6-2(2)\과제 6-2(2).vcxproj", "{5F3A783C-779D-44B4-9CC6-BCBF78D2EC52}"
EndProject
Project("{8BC9CEB8-8B4A-11D0-8D11-00A0C91BC942}") = "과제 6-1(2)", "과제 6-1(2)\과제 6-1(2).vcxproj", "{E8C7583F-CE50-4389-99E7-889A41BBC008}"
EndProject
Project("{8BC9CEB8-8B4A-11D0-8D11-00A0C91BC942}") = "과제 7-1(1)", "과제 7-1(1)\과제 7-1(1).vcxproj", "{06FCE182-8982-44B1-A2DA-1A6CCA139B46}"
EndProject
Project("{8BC9CEB8-8B4A-11D0-8D11-00A0C91BC942}") = "과제 7-1(2)", "과제 7-1(2)\과제 7-1(2).vcxproj", "{194518A6-8916-49AD-ACF3-00C7B07F7238}"
EndProject
Project("{8BC9CEB8-8B4A-11D0-8D11-00A0C91BC942}") = "과제 7-2(1)", "과제 7-2(1)\과제 7-2(1).vcxproj", "{FEF73E90-689B-4A3D-ADB7-DF29EF4A1C36}"
EndProject
Project("{8BC9CEB8-8B4A-11D0-8D11-00A0C91BC942}") = "과제 7-2(2)", "과제 7-2(2)\과제 7-2(2).vcxproj", "{4687FEE2-964F-40F1-96A4-A45D6EFAA2A6}"
EndProject
Project("{8BC9CEB8-8B4A-11D0-8D11-00A0C91BC942}") = "과제 8-1", "과제 8-1\과제 8-1.vcxproj", "{044E6232-0A28-41CC-8CF1-B41AA8992D81}"
EndProject
Project("{8BC9CEB8-8B4A-11D0-8D11-00A0C91BC942}") = "과제 8-2", "과제 8-2\과제 8-2.vcxproj", "{672A00A6-94CB-4BE6-98DF-1466D7D7258B}"
EndProject
Project("{8BC9CEB8-8B4A-11D0-8D11-00A0C91BC942}") = "과제 9-1", "과제 9-1\과제 9-1.vcxproj", "{395554DC-FF58-40CD-8D5C-2619F8F4F64A}"
EndProject
Project("{8BC9CEB8-8B4A-11D0-8D11-00A0C91BC942}") = "과제 9-2(1)", "과제 9-2(1)\과제 9-2(1).vcxproj", "{EBAD9557-EE13-4A82-A824-87D83C845C5D}"
EndProject
Project("{8BC9CEB8-8B4A-11D0-8D11-00A0C91BC942}") = "과제 9-2(2)", "과제 9-2(2)\과제 9-2(2).vcxproj", "{E43C54FA-68F1-46F1-89A0-C4A7391F0A06}"
EndProject
Project("{8BC9CEB8-8B4A-11D0-8D11-00A0C91BC942}") = "과제10-1(1)", "과제10-1(1)\과제10-1(1).vcxproj", "{5EFD2ADE-9DC1-42CD-A76B-4CEE51444C2D}"
EndProject
Project("{8BC9CEB8-8B4A-11D0-8D11-00A0C91BC942}") = "과제10-1(2)", "과제10-1(2)\과제10-1(2).vcxproj", "{967AAC5C-2968-426E-AC13-B4A4F9593641}"
EndProject
Project("{8BC9CEB8-8B4A-11D0-8D11-00A0C91BC942}") = "과제10-2", "과제10-2\과제10-2.vcxproj", "{6605C97B-7306-4331-AD37-D501A5457737}"
EndProject
Project("{8BC9CEB8-8B4A-11D0-8D11-00A0C91BC942}") = "과제11-1(1)", "과제11-1(1)\과제11-1(1).vcxproj", "{B461D80D-260B-46C9-BA86-1F8DBAE40FE2}"
EndProject
Project("{8BC9CEB8-8B4A-11D0-8D11-00A0C91BC942}") = "과제11-1(2)", "과제11-1(2)\과제11-1(2).vcxproj", "{A71152DE-556E-43C0-A3C9-0E9644F4C7CF}"
EndProject
Project("{8BC9CEB8-8B4A-11D0-8D11-00A0C91BC942}") = "과제11-2(1)", "과제11-2(1)\과제11-2(1).vcxproj", "{CC033EC3-DC91-44BE-A0B8-BBDB71E27CBB}"
EndProject
Project("{8BC9CEB8-8B4A-11D0-8D11-00A0C91BC942}") = "과제11-2(2)", "과제11-2(2)\과제11-2(2).vcxproj", "{4497877E-92EE-4C5F-8F8A-F7019E703144}"
EndProject
Project("{8BC9CEB8-8B4A-11D0-8D11-00A0C91BC942}") = "과제12-1(1)", "과제12-1(1)\과제12-1(1).vcxproj", "{E6F22D0F-2EB8-4862-9948-BB0EC0DFCFD5}"
EndProject
Project("{8BC9CEB8-8B4A-11D0-8D11-00A0C91BC942}") = "과제12-1(2)", "과제12-1(2)\과제12-1(2).vcxproj", "{CF74D39D-012D-4BE9-B5C5-793513B94984}"
EndProject
Project("{8BC9CEB8-8B4A-11D0-8D11-00A0C91BC942}") = "과제12-2", "과제12-2\과제12-2.vcxproj", "{64A24F19-646A-4542-90D1-22A626C18C4F}"
EndProject
Project("{8BC9CEB8-8B4A-11D0-8D11-00A0C91BC942}") = "과제13-1(1)", "과제13-1(1)\과제13-1(1).vcxproj", "{F5BB4AD8-2C11-42CE-84CC-232612A1D4FC}"
EndProject
Project("{8BC9CEB8-8B4A-11D0-8D11-00A0C91BC942}") = "과제13-1(2)", "과제13-1(2)\과제13-1(2).vcxproj", "{BEAAC2A1-BC1F-4EAB-A543-DC23269415A7}"
EndProject
Project("{8BC9CEB8-8B4A-11D0-8D11-00A0C91BC942}") = "과제13-2(1)", "과제13-2(1)\과제13-2(1).vcxproj", "{EA0F9656-6BFA-4828-A31F-4F1C08B68567}"
EndProject
Project("{8BC9CEB8-8B4A-11D0-8D11-00A0C91BC942}") = "과제13-2(2)", "과제13-2(2)\과제13-2(2).vcxproj", "{B3947C6D-2DED-4EDC-92D4-A9331A77AB23}"
EndProject
Global
	GlobalSection(SolutionConfigurationPlatforms) = preSolution
		Debug|x64 = Debug|x64
		Debug|x86 = Debug|x86
		Release|x64 = Release|x64
		Release|x86 = Release|x86
	EndGlobalSection
	GlobalSection(ProjectConfigurationPlatforms) = postSolution
		{570C0760-FA00-4460-810F-7FE9C7B2FFE3}.Debug|x64.ActiveCfg = Debug|x64
		{570C0760-FA00-4460-810F-7FE9C7B2FFE3}.Debug|x64.Build.0 = Debug|x64
		{570C0760-FA00-4460-810F-7FE9C7B2FFE3}.Debug|x86.ActiveCfg = Debug|Win32
		{570C0760-FA00-4460-810F-7FE9C7B2FFE3}.Debug|x86.Build.0 = Debug|Win32
		{570C0760-FA00-4460-810F-7FE9C7B2FFE3}.Release|x64.ActiveCfg = Release|x64
		{570C0760-FA00-4460-810F-7FE9C7B2FFE3}.Release|x64.Build.0 = Release|x64
		{570C0760-FA00-4460-810F-7FE9C7B2FFE3}.Release|x86.ActiveCfg = Release|Win32
		{570C0760-FA00-4460-810F-7FE9C7B2FFE3}.Release|x86.Build.0 = Release|Win32
		{8EB06782-4BC7-4F9E-8DFA-5FB1DD761FB9}.Debug|x64.ActiveCfg = Debug|x64
		{8EB06782-4BC7-4F9E-8DFA-5FB1DD761FB9}.Debug|x64.Build.0 = Debug|x64
		{8EB06782-4BC7-4F9E-8DFA-5FB1DD761FB9}.Debug|x86.ActiveCfg = Debug|Win32
		{8EB06782-4BC7-4F9E-8DFA-5FB1DD761FB9}.Debug|x86.Build.0 = Debug|Win32
		{8EB06782-4BC7-4F9E-8DFA-5FB1DD761FB9}.Release|x64.ActiveCfg = Release|x64
		{8EB06782-4BC7-4F9E-8DFA-5FB1DD761FB9}.Release|x64.Build.0 = Release|x64
		{8EB06782-4BC7-4F9E-8DFA-5FB1DD761FB9}.Release|x86.ActiveCfg = Release|Win32
		{8EB06782-4BC7-4F9E-8DFA-5FB1DD761FB9}.Release|x86.Build.0 = Release|Win32
		{7340E57E-EA95-4AF6-AD6C-F8C608A73C17}.Debug|x64.ActiveCfg = Debug|x64
		{7340E57E-EA95-4AF6-AD6C-F8C608A73C17}.Debug|x64.Build.0 = Debug|x64
		{7340E57E-EA95-4AF6-AD6C-F8C608A73C17}.Debug|x86.ActiveCfg = Debug|Win32
		{7340E57E-EA95-4AF6-AD6C-F8C608A73C17}.Debug|x86.Build.0 = Debug|Win32
		{7340E57E-EA95-4AF6-AD6C-F8C608A73C17}.Release|x64.ActiveCfg = Release|x64
		{7340E57E-EA95-4AF6-AD6C-F8C608A73C17}.Release|x64.Build.0 = Release|x64
		{7340E57E-EA95-4AF6-AD6C-F8C608A73C17}.Release|x86.ActiveCfg = Release|Win32
		{7340E57E-EA95-4AF6-AD6C-F8C608A73C17}.Release|x86.Build.0 = Release|Win32
		{46374F42-FF39-43CD-9850-4768FB059753}.Debug|x64.ActiveCfg = Debug|x64
		{46374F42-FF39-43CD-9850-4768FB059753}.Debug|x64.Build.0 = Debug|x64
		{46374F42-FF39-43CD-9850-4768FB059753}.Debug|x86.ActiveCfg = Debug|Win32
		{46374F42-FF39-43CD-9850-4768FB059753}.Debug|x86.Build.0 = Debug|Win32
		{46374F42-FF39-43CD-9850-4768FB059753}.Release|x64.ActiveCfg = Release|x64
		{46374F42-FF39-43CD-9850-4768FB059753}.Release|x64.Build.0 = Release|x64
		{46374F42-FF39-43CD-9850-4768FB059753}.Release|x86.ActiveCfg = Release|Win32
		{46374F42-FF39-43CD-9850-4768FB059753}.Release|x86.Build.0 = Release|Win32
		{EAA1BCBA-05BD-4CF8-B019-6C9F62F8D666}.Debug|x64.ActiveCfg = Debug|x64
		{EAA1BCBA-05BD-4CF8-B019-6C9F62F8D666}.Debug|x64.Build.0 = Debug|x64
		{EAA1BCBA-05BD-4CF8-B019-6C9F62F8D666}.Debug|x86.ActiveCfg = Debug|Win32
		{EAA1BCBA-05BD-4CF8-B019-6C9F62F8D666}.Debug|x86.Build.0 = Debug|Win32
		{EAA1BCBA-05BD-4CF8-B019-6C9F62F8D666}.Release|x64.ActiveCfg = Release|x64
		{EAA1BCBA-05BD-4CF8-B019-6C9F62F8D666}.Release|x64.Build.0 = Release|x64
		{EAA1BCBA-05BD-4CF8-B019-6C9F62F8D666}.Release|x86.ActiveCfg = Release|Win32
		{EAA1BCBA-05BD-4CF8-B019-6C9F62F8D666}.Release|x86.Build.0 = Release|Win32
		{922D5DFD-3ABC-4FC3-9CA4-752DC19DD156}.Debug|x64.ActiveCfg = Debug|x64
		{922D5DFD-3ABC-4FC3-9CA4-752DC19DD156}.Debug|x64.Build.0 = Debug|x64
		{922D5DFD-3ABC-4FC3-9CA4-752DC19DD156}.Debug|x86.ActiveCfg = Debug|Win32
		{922D5DFD-3ABC-4FC3-9CA4-752DC19DD156}.Debug|x86.Build.0 = Debug|Win32
		{922D5DFD-3ABC-4FC3-9CA4-752DC19DD156}.Release|x64.ActiveCfg = Release|x64
		{922D5DFD-3ABC-4FC3-9CA4-752DC19DD156}.Release|x64.Build.0 = Release|x64
		{922D5DFD-3ABC-4FC3-9CA4-752DC19DD156}.Release|x86.ActiveCfg = Release|Win32
		{922D5DFD-3ABC-4FC3-9CA4-752DC19DD156}.Release|x86.Build.0 = Release|Win32
		{92AD82B6-0F38-41BF-B068-7E4AFA99FD05}.Debug|x64.ActiveCfg = Debug|x64
		{92AD82B6-0F38-41BF-B068-7E4AFA99FD05}.Debug|x64.Build.0 = Debug|x64
		{92AD82B6-0F38-41BF-B068-7E4AFA99FD05}.Debug|x86.ActiveCfg = Debug|Win32
		{92AD82B6-0F38-41BF-B068-7E4AFA99FD05}.Debug|x86.Build.0 = Debug|Win32
		{92AD82B6-0F38-41BF-B068-7E4AFA99FD05}.Release|x64.ActiveCfg = Release|x64
		{92AD82B6-0F38-41BF-B068-7E4AFA99FD05}.Release|x64.Build.0 = Release|x64
		{92AD82B6-0F38-41BF-B068-7E4AFA99FD05}.Release|x86.ActiveCfg = Release|Win32
		{92AD82B6-0F38-41BF-B068-7E4AFA99FD05}.Release|x86.Build.0 = Release|Win32
		{5430844E-1F51-4730-B38B-3AFEAE771E3E}.Debug|x64.ActiveCfg = Debug|x64
		{5430844E-1F51-4730-B38B-3AFEAE771E3E}.Debug|x64.Build.0 = Debug|x64
		{5430844E-1F51-4730-B38B-3AFEAE771E3E}.Debug|x86.ActiveCfg = Debug|Win32
		{5430844E-1F51-4730-B38B-3AFEAE771E3E}.Debug|x86.Build.0 = Debug|Win32
		{5430844E-1F51-4730-B38B-3AFEAE771E3E}.Release|x64.ActiveCfg = Release|x64
		{5430844E-1F51-4730-B38B-3AFEAE771E3E}.Release|x64.Build.0 = Release|x64
		{5430844E-1F51-4730-B38B-3AFEAE771E3E}.Release|x86.ActiveCfg = Release|Win32
		{5430844E-1F51-4730-B38B-3AFEAE771E3E}.Release|x86.Build.0 = Release|Win32
		{FD3184D4-70C1-4A22-93DD-666A7274F6E2}.Debug|x64.ActiveCfg = Debug|x64
		{FD3184D4-70C1-4A22-93DD-666A7274F6E2}.Debug|x64.Build.0 = Debug|x64
		{FD3184D4-70C1-4A22-93DD-666A7274F6E2}.Debug|x86.ActiveCfg = Debug|Win32
		{FD3184D4-70C1-4A22-93DD-666A7274F6E2}.Debug|x86.Build.0 = Debug|Win32
		{FD3184D4-70C1-4A22-93DD-666A7274F6E2}.Release|x64.ActiveCfg = Release|x64
		{FD3184D4-70C1-4A22-93DD-666A7274F6E2}.Release|x64.Build.0 = Release|x64
		{FD3184D4-70C1-4A22-93DD-666A7274F6E2}.Release|x86.ActiveCfg = Release|Win32
		{FD3184D4-70C1-4A22-93DD-666A7274F6E2}.Release|x86.Build.0 = Release|Win32
		{D4A10D7C-8170-4592-8C8E-5F3C374D82D9}.Debug|x64.ActiveCfg = Debug|x64
		{D4A10D7C-8170-4592-8C8E-5F3C374D82D9}.Debug|x64.Build.0 = Debug|x64
		{D4A10D7C-8170-4592-8C8E-5F3C374D82D9}.Debug|x86.ActiveCfg = Debug|Win32
		{D4A10D7C-8170-4592-8C8E-5F3C374D82D9}.Debug|x86.Build.0 = Debug|Win32
		{D4A10D7C-8170-4592-8C8E-5F3C374D82D9}.Release|x64.ActiveCfg = Release|x64
		{D4A10D7C-8170-4592-8C8E-5F3C374D82D9}.Release|x64.Build.0 = Release|x64
		{D4A10D7C-8170-4592-8C8E-5F3C374D82D9}.Release|x86.ActiveCfg = Release|Win32
		{D4A10D7C-8170-4592-8C8E-5F3C374D82D9}.Release|x86.Build.0 = Release|Win32
		{F32202AC-98CC-467C-928C-639CCCCEC870}.Debug|x64.ActiveCfg = Debug|x64
		{F32202AC-98CC-467C-928C-639CCCCEC870}.Debug|x64.Build.0 = Debug|x64
		{F32202AC-98CC-467C-928C-639CCCCEC870}.Debug|x86.ActiveCfg = Debug|Win32
		{F32202AC-98CC-467C-928C-639CCCCEC870}.Debug|x86.Build.0 = Debug|Win32
		{F32202AC-98CC-467C-928C-639CCCCEC870}.Release|x64.ActiveCfg = Release|x64
		{F32202AC-98CC-467C-928C-639CCCCEC870}.Release|x64.Build.0 = Release|x64
		{F32202AC-98CC-467C-928C-639CCCCEC870}.Release|x86.ActiveCfg = Release|Win32
		{F32202AC-98CC-467C-928C-639CCCCEC870}.Release|x86.Build.0 = Release|Win32
		{1AB78188-D6A3-4B7C-BEC8-933C688A3467}.Debug|x64.ActiveCfg = Debug|x64
		{1AB78188-D6A3-4B7C-BEC8-933C688A3467}.Debug|x64.Build.0 = Debug|x64
		{1AB78188-D6A3-4B7C-BEC8-933C688A3467}.Debug|x86.ActiveCfg = Debug|Win32
		{1AB78188-D6A3-4B7C-BEC8-933C688A3467}.Debug|x86.Build.0 = Debug|Win32
		{1AB78188-D6A3-4B7C-BEC8-933C688A3467}.Release|x64.ActiveCfg = Release|x64
		{1AB78188-D6A3-4B7C-BEC8-933C688A3467}.Release|x64.Build.0 = Release|x64
		{1AB78188-D6A3-4B7C-BEC8-933C688A3467}.Release|x86.ActiveCfg = Release|Win32
		{1AB78188-D6A3-4B7C-BEC8-933C688A3467}.Release|x86.Build.0 = Release|Win32
		{2A3118C0-A480-423A-95EC-CBAD876D21D3}.Debug|x64.ActiveCfg = Debug|x64
		{2A3118C0-A480-423A-95EC-CBAD876D21D3}.Debug|x64.Build.0 = Debug|x64
		{2A3118C0-A480-423A-95EC-CBAD876D21D3}.Debug|x86.ActiveCfg = Debug|Win32
		{2A3118C0-A480-423A-95EC-CBAD876D21D3}.Debug|x86.Build.0 = Debug|Win32
		{2A3118C0-A480-423A-95EC-CBAD876D21D3}.Release|x64.ActiveCfg = Release|x64
		{2A3118C0-A480-423A-95EC-CBAD876D21D3}.Release|x64.Build.0 = Release|x64
		{2A3118C0-A480-423A-95EC-CBAD876D21D3}.Release|x86.ActiveCfg = Release|Win32
		{2A3118C0-A480-423A-95EC-CBAD876D21D3}.Release|x86.Build.0 = Release|Win32
		{74293EB0-B8DB-4790-A5D0-22D521674619}.Debug|x64.ActiveCfg = Debug|x64
		{74293EB0-B8DB-4790-A5D0-22D521674619}.Debug|x64.Build.0 = Debug|x64
		{74293EB0-B8DB-4790-A5D0-22D521674619}.Debug|x86.ActiveCfg = Debug|Win32
		{74293EB0-B8DB-4790-A5D0-22D521674619}.Debug|x86.Build.0 = Debug|Win32
		{74293EB0-B8DB-4790-A5D0-22D521674619}.Release|x64.ActiveCfg = Release|x64
		{74293EB0-B8DB-4790-A5D0-22D521674619}.Release|x64.Build.0 = Release|x64
		{74293EB0-B8DB-4790-A5D0-22D521674619}.Release|x86.ActiveCfg = Release|Win32
		{74293EB0-B8DB-4790-A5D0-22D521674619}.Release|x86.Build.0 = Release|Win32
		{4200B59E-FE25-40F4-8542-A9D36808C341}.Debug|x64.ActiveCfg = Debug|x64
		{4200B59E-FE25-40F4-8542-A9D36808C341}.Debug|x64.Build.0 = Debug|x64
		{4200B59E-FE25-40F4-8542-A9D36808C341}.Debug|x86.ActiveCfg = Debug|Win32
		{4200B59E-FE25-40F4-8542-A9D36808C341}.Debug|x86.Build.0 = Debug|Win32
		{4200B59E-FE25-40F4-8542-A9D36808C341}.Release|x64.ActiveCfg = Release|x64
		{4200B59E-FE25-40F4-8542-A9D36808C341}.Release|x64.Build.0 = Release|x64
		{4200B59E-FE25-40F4-8542-A9D36808C341}.Release|x86.ActiveCfg = Release|Win32
		{4200B59E-FE25-40F4-8542-A9D36808C341}.Release|x86.Build.0 = Release|Win32
		{5F3A783C-779D-44B4-9CC6-BCBF78D2EC52}.Debug|x64.ActiveCfg = Debug|x64
		{5F3A783C-779D-44B4-9CC6-BCBF78D2EC52}.Debug|x64.Build.0 = Debug|x64
		{5F3A783C-779D-44B4-9CC6-BCBF78D2EC52}.Debug|x86.ActiveCfg = Debug|Win32
		{5F3A783C-779D-44B4-9CC6-BCBF78D2EC52}.Debug|x86.Build.0 = Debug|Win32
		{5F3A783C-779D-44B4-9CC6-BCBF78D2EC52}.Release|x64.ActiveCfg = Release|x64
		{5F3A783C-779D-44B4-9CC6-BCBF78D2EC52}.Release|x64.Build.0 = Release|x64
		{5F3A783C-779D-44B4-9CC6-BCBF78D2EC52}.Release|x86.ActiveCfg = Release|Win32
		{5F3A783C-779D-44B4-9CC6-BCBF78D2EC52}.Release|x86.Build.0 = Release|Win32
		{E8C7583F-CE50-4389-99E7-889A41BBC008}.Debug|x64.ActiveCfg = Debug|x64
		{E8C7583F-CE50-4389-99E7-889A41BBC008}.Debug|x64.Build.0 = Debug|x64
		{E8C7583F-CE50-4389-99E7-889A41BBC008}.Debug|x86.ActiveCfg = Debug|Win32
		{E8C7583F-CE50-4389-99E7-889A41BBC008}.Debug|x86.Build.0 = Debug|Win32
		{E8C7583F-CE50-4389-99E7-889A41BBC008}.Release|x64.ActiveCfg = Release|x64
		{E8C7583F-CE50-4389-99E7-889A41BBC008}.Release|x64.Build.0 = Release|x64
		{E8C7583F-CE50-4389-99E7-889A41BBC008}.Release|x86.ActiveCfg = Release|Win32
		{E8C7583F-CE50-4389-99E7-889A41BBC008}.Release|x86.Build.0 = Release|Win32
		{06FCE182-8982-44B1-A2DA-1A6CCA139B46}.Debug|x64.ActiveCfg = Debug|x64
		{06FCE182-8982-44B1-A2DA-1A6CCA139B46}.Debug|x64.Build.0 = Debug|x64
		{06FCE182-8982-44B1-A2DA-1A6CCA139B46}.Debug|x86.ActiveCfg = Debug|Win32
		{06FCE182-8982-44B1-A2DA-1A6CCA139B46}.Debug|x86.Build.0 = Debug|Win32
		{06FCE182-8982-44B1-A2DA-1A6CCA139B46}.Release|x64.ActiveCfg = Release|x64
		{06FCE182-8982-44B1-A2DA-1A6CCA139B46}.Release|x64.Build.0 = Release|x64
		{06FCE182-8982-44B1-A2DA-1A6CCA139B46}.Release|x86.ActiveCfg = Release|Win32
		{06FCE182-8982-44B1-A2DA-1A6CCA139B46}.Release|x86.Build.0 = Release|Win32
		{194518A6-8916-49AD-ACF3-00C7B07F7238}.Debug|x64.ActiveCfg = Debug|x64
		{194518A6-8916-49AD-ACF3-00C7B07F7238}.Debug|x64.Build.0 = Debug|x64
		{194518A6-8916-49AD-ACF3-00C7B07F7238}.Debug|x86.ActiveCfg = Debug|Win32
		{194518A6-8916-49AD-ACF3-00C7B07F7238}.Debug|x86.Build.0 = Debug|Win32
		{194518A6-8916-49AD-ACF3-00C7B07F7238}.Release|x64.ActiveCfg = Release|x64
		{194518A6-8916-49AD-ACF3-00C7B07F7238}.Release|x64.Build.0 = Release|x64
		{194518A6-8916-49AD-ACF3-00C7B07F7238}.Release|x86.ActiveCfg = Release|Win32
		{194518A6-8916-49AD-ACF3-00C7B07F7238}.Release|x86.Build.0 = Release|Win32
		{FEF73E90-689B-4A3D-ADB7-DF29EF4A1C36}.Debug|x64.ActiveCfg = Debug|x64
		{FEF73E90-689B-4A3D-ADB7-DF29EF4A1C36}.Debug|x64.Build.0 = Debug|x64
		{FEF73E90-689B-4A3D-ADB7-DF29EF4A1C36}.Debug|x86.ActiveCfg = Debug|Win32
		{FEF73E90-689B-4A3D-ADB7-DF29EF4A1C36}.Debug|x86.Build.0 = Debug|Win32
		{FEF73E90-689B-4A3D-ADB7-DF29EF4A1C36}.Release|x64.ActiveCfg = Release|x64
		{FEF73E90-689B-4A3D-ADB7-DF29EF4A1C36}.Release|x64.Build.0 = Release|x64
		{FEF73E90-689B-4A3D-ADB7-DF29EF4A1C36}.Release|x86.ActiveCfg = Release|Win32
		{FEF73E90-689B-4A3D-ADB7-DF29EF4A1C36}.Release|x86.Build.0 = Release|Win32
		{4687FEE2-964F-40F1-96A4-A45D6EFAA2A6}.Debug|x64.ActiveCfg = Debug|x64
		{4687FEE2-964F-40F1-96A4-A45D6EFAA2A6}.Debug|x64.Build.0 = Debug|x64
		{4687FEE2-964F-40F1-96A4-A45D6EFAA2A6}.Debug|x86.ActiveCfg = Debug|Win32
		{4687FEE2-964F-40F1-96A4-A45D6EFAA2A6}.Debug|x86.Build.0 = Debug|Win32
		{4687FEE2-964F-40F1-96A4-A45D6EFAA2A6}.Release|x64.ActiveCfg = Release|x64
		{4687FEE2-964F-40F1-96A4-A45D6EFAA2A6}.Release|x64.Build.0 = Release|x64
		{4687FEE2-964F-40F1-96A4-A45D6EFAA2A6}.Release|x86.ActiveCfg = Release|Win32
		{4687FEE2-964F-40F1-96A4-A45D6EFAA2A6}.Release|x86.Build.0 = Release|Win32
		{044E6232-0A28-41CC-8CF1-B41AA8992D81}.Debug|x64.ActiveCfg = Debug|x64
		{044E6232-0A28-41CC-8CF1-B41AA8992D81}.Debug|x64.Build.0 = Debug|x64
		{044E6232-0A28-41CC-8CF1-B41AA8992D81}.Debug|x86.ActiveCfg = Debug|Win32
		{044E6232-0A28-41CC-8CF1-B41AA8992D81}.Debug|x86.Build.0 = Debug|Win32
		{044E6232-0A28-41CC-8CF1-B41AA8992D81}.Release|x64.ActiveCfg = Release|x64
		{044E6232-0A28-41CC-8CF1-B41AA8992D81}.Release|x64.Build.0 = Release|x64
		{044E6232-0A28-41CC-8CF1-B41AA8992D81}.Release|x86.ActiveCfg = Release|Win32
		{044E6232-0A28-41CC-8CF1-B41AA8992D81}.Release|x86.Build.0 = Release|Win32
		{672A00A6-94CB-4BE6-98DF-1466D7D7258B}.Debug|x64.ActiveCfg = Debug|x64
		{672A00A6-94CB-4BE6-98DF-1466D7D7258B}.Debug|x64.Build.0 = Debug|x64
		{672A00A6-94CB-4BE6-98DF-1466D7D7258B}.Debug|x86.ActiveCfg = Debug|Win32
		{672A00A6-94CB-4BE6-98DF-1466D7D7258B}.Debug|x86.Build.0 = Debug|Win32
		{672A00A6-94CB-4BE6-98DF-1466D7D7258B}.Release|x64.ActiveCfg = Release|x64
		{672A00A6-94CB-4BE6-98DF-1466D7D7258B}.Release|x64.Build.0 = Release|x64
		{672A00A6-94CB-4BE6-98DF-1466D7D7258B}.Release|x86.ActiveCfg = Release|Win32
		{672A00A6-94CB-4BE6-98DF-1466D7D7258B}.Release|x86.Build.0 = Release|Win32
		{395554DC-FF58-40CD-8D5C-2619F8F4F64A}.Debug|x64.ActiveCfg = Debug|x64
		{395554DC-FF58-40CD-8D5C-2619F8F4F64A}.Debug|x64.Build.0 = Debug|x64
		{395554DC-FF58-40CD-8D5C-2619F8F4F64A}.Debug|x86.ActiveCfg = Debug|Win32
		{395554DC-FF58-40CD-8D5C-2619F8F4F64A}.Debug|x86.Build.0 = Debug|Win32
		{395554DC-FF58-40CD-8D5C-2619F8F4F64A}.Release|x64.ActiveCfg = Release|x64
		{395554DC-FF58-40CD-8D5C-2619F8F4F64A}.Release|x64.Build.0 = Release|x64
		{395554DC-FF58-40CD-8D5C-2619F8F4F64A}.Release|x86.ActiveCfg = Release|Win32
		{395554DC-FF58-40CD-8D5C-2619F8F4F64A}.Release|x86.Build.0 = Release|Win32
		{EBAD9557-EE13-4A82-A824-87D83C845C5D}.Debug|x64.ActiveCfg = Debug|x64
		{EBAD9557-EE13-4A82-A824-87D83C845C5D}.Debug|x64.Build.0 = Debug|x64
		{EBAD9557-EE13-4A82-A824-87D83C845C5D}.Debug|x86.ActiveCfg = Debug|Win32
		{EBAD9557-EE13-4A82-A824-87D83C845C5D}.Debug|x86.Build.0 = Debug|Win32
		{EBAD9557-EE13-4A82-A824-87D83C845C5D}.Release|x64.ActiveCfg = Release|x64
		{EBAD9557-EE13-4A82-A824-87D83C845C5D}.Release|x64.Build.0 = Release|x64
		{EBAD9557-EE13-4A82-A824-87D83C845C5D}.Release|x86.ActiveCfg = Release|Win32
		{EBAD9557-EE13-4A82-A824-87D83C845C5D}.Release|x86.Build.0 = Release|Win32
		{E43C54FA-68F1-46F1-89A0-C4A7391F0A06}.Debug|x64.ActiveCfg = Debug|x64
		{E43C54FA-68F1-46F1-89A0-C4A7391F0A06}.Debug|x64.Build.0 = Debug|x64
		{E43C54FA-68F1-46F1-89A0-C4A7391F0A06}.Debug|x86.ActiveCfg = Debug|Win32
		{E43C54FA-68F1-46F1-89A0-C4A7391F0A06}.Debug|x86.Build.0 = Debug|Win32
		{E43C54FA-68F1-46F1-89A0-C4A7391F0A06}.Release|x64.ActiveCfg = Release|x64
		{E43C54FA-68F1-46F1-89A0-C4A7391F0A06}.Release|x64.Build.0 = Release|x64
		{E43C54FA-68F1-46F1-89A0-C4A7391F0A06}.Release|x86.ActiveCfg = Release|Win32
		{E43C54FA-68F1-46F1-89A0-C4A7391F0A06}.Release|x86.Build.0 = Release|Win32
		{5EFD2ADE-9DC1-42CD-A76B-4CEE51444C2D}.Debug|x64.ActiveCfg = Debug|x64
		{5EFD2ADE-9DC1-42CD-A76B-4CEE51444C2D}.Debug|x64.Build.0 = Debug|x64
		{5EFD2ADE-9DC1-42CD-A76B-4CEE51444C2D}.Debug|x86.ActiveCfg = Debug|Win32
		{5EFD2ADE-9DC1-42CD-A76B-4CEE51444C2D}.Debug|x86.Build.0 = Debug|Win32
		{5EFD2ADE-9DC1-42CD-A76B-4CEE51444C2D}.Release|x64.ActiveCfg = Release|x64
		{5EFD2ADE-9DC1-42CD-A76B-4CEE51444C2D}.Release|x64.Build.0 = Release|x64
		{5EFD2ADE-9DC1-42CD-A76B-4CEE51444C2D}.Release|x86.ActiveCfg = Release|Win32
		{5EFD2ADE-9DC1-42CD-A76B-4CEE51444C2D}.Release|x86.Build.0 = Release|Win32
		{967AAC5C-2968-426E-AC13-B4A4F9593641}.Debug|x64.ActiveCfg = Debug|x64
		{967AAC5C-2968-426E-AC13-B4A4F9593641}.Debug|x64.Build.0 = Debug|x64
		{967AAC5C-2968-426E-AC13-B4A4F9593641}.Debug|x86.ActiveCfg = Debug|Win32
		{967AAC5C-2968-426E-AC13-B4A4F9593641}.Debug|x86.Build.0 = Debug|Win32
		{967AAC5C-2968-426E-AC13-B4A4F9593641}.Release|x64.ActiveCfg = Release|x64
		{967AAC5C-2968-426E-AC13-B4A4F9593641}.Release|x64.Build.0 = Release|x64
		{967AAC5C-2968-426E-AC13-B4A4F9593641}.Release|x86.ActiveCfg = Release|Win32
		{967AAC5C-2968-426E-AC13-B4A4F9593641}.Release|x86.Build.0 = Release|Win32
		{6605C97B-7306-4331-AD37-D501A5457737}.Debug|x64.ActiveCfg = Debug|x64
		{6605C97B-7306-4331-AD37-D501A5457737}.Debug|x64.Build.0 = Debug|x64
		{6605C97B-7306-4331-AD37-D501A5457737}.Debug|x86.ActiveCfg = Debug|Win32
		{6605C97B-7306-4331-AD37-D501A5457737}.Debug|x86.Build.0 = Debug|Win32
		{6605C97B-7306-4331-AD37-D501A5457737}.Release|x64.ActiveCfg = Release|x64
		{6605C97B-7306-4331-AD37-D501A5457737}.Release|x64.Build.0 = Release|x64
		{6605C97B-7306-4331-AD37-D501A5457737}.Release|x86.ActiveCfg = Release|Win32
		{6605C97B-7306-4331-AD37-D501A5457737}.Release|x86.Build.0 = Release|Win32
		{B461D80D-260B-46C9-BA86-1F8DBAE40FE2}.Debug|x64.ActiveCfg = Debug|x64
		{B461D80D-260B-46C9-BA86-1F8DBAE40FE2}.Debug|x64.Build.0 = Debug|x64
		{B461D80D-260B-46C9-BA86-1F8DBAE40FE2}.Debug|x86.ActiveCfg = Debug|Win32
		{B461D80D-260B-46C9-BA86-1F8DBAE40FE2}.Debug|x86.Build.0 = Debug|Win32
		{B461D80D-260B-46C9-BA86-1F8DBAE40FE2}.Release|x64.ActiveCfg = Release|x64
		{B461D80D-260B-46C9-BA86-1F8DBAE40FE2}.Release|x64.Build.0 = Release|x64
		{B461D80D-260B-46C9-BA86-1F8DBAE40FE2}.Release|x86.ActiveCfg = Release|Win32
		{B461D80D-260B-46C9-BA86-1F8DBAE40FE2}.Release|x86.Build.0 = Release|Win32
		{A71152DE-556E-43C0-A3C9-0E9644F4C7CF}.Debug|x64.ActiveCfg = Debug|x64
		{A71152DE-556E-43C0-A3C9-0E9644F4C7CF}.Debug|x64.Build.0 = Debug|x64
		{A71152DE-556E-43C0-A3C9-0E9644F4C7CF}.Debug|x86.ActiveCfg = Debug|Win32
		{A71152DE-556E-43C0-A3C9-0E9644F4C7CF}.Debug|x86.Build.0 = Debug|Win32
		{A71152DE-556E-43C0-A3C9-0E9644F4C7CF}.Release|x64.ActiveCfg = Release|x64
		{A71152DE-556E-43C0-A3C9-0E9644F4C7CF}.Release|x64.Build.0 = Release|x64
		{A71152DE-556E-43C0-A3C9-0E9644F4C7CF}.Release|x86.ActiveCfg = Release|Win32
		{A71152DE-556E-43C0-A3C9-0E9644F4C7CF}.Release|x86.Build.0 = Release|Win32
		{CC033EC3-DC91-44BE-A0B8-BBDB71E27CBB}.Debug|x64.ActiveCfg = Debug|x64
		{CC033EC3-DC91-44BE-A0B8-BBDB71E27CBB}.Debug|x64.Build.0 = Debug|x64
		{CC033EC3-DC91-44BE-A0B8-BBDB71E27CBB}.Debug|x86.ActiveCfg = Debug|Win32
		{CC033EC3-DC91-44BE-A0B8-BBDB71E27CBB}.Debug|x86.Build.0 = Debug|Win32
		{CC033EC3-DC91-44BE-A0B8-BBDB71E27CBB}.Release|x64.ActiveCfg = Release|x64
		{CC033EC3-DC91-44BE-A0B8-BBDB71E27CBB}.Release|x64.Build.0 = Release|x64
		{CC033EC3-DC91-44BE-A0B8-BBDB71E27CBB}.Release|x86.ActiveCfg = Release|Win32
		{CC033EC3-DC91-44BE-A0B8-BBDB71E27CBB}.Release|x86.Build.0 = Release|Win32
		{4497877E-92EE-4C5F-8F8A-F7019E703144}.Debug|x64.ActiveCfg = Debug|x64
		{4497877E-92EE-4C5F-8F8A-F7019E703144}.Debug|x64.Build.0 = Debug|x64
		{4497877E-92EE-4C5F-8F8A-F7019E703144}.Debug|x86.ActiveCfg = Debug|Win32
		{4497877E-92EE-4C5F-8F8A-F7019E703144}.Debug|x86.Build.0 = Debug|Win32
		{4497877E-92EE-4C5F-8F8A-F7019E703144}.Release|x64.ActiveCfg = Release|x64
		{4497877E-92EE-4C5F-8F8A-F7019E703144}.Release|x64.Build.0 = Release|x64
		{4497877E-92EE-4C5F-8F8A-F7019E703144}.Release|x86.ActiveCfg = Release|Win32
		{4497877E-92EE-4C5F-8F8A-F7019E703144}.Release|x86.Build.0 = Release|Win32
		{E6F22D0F-2EB8-4862-9948-BB0EC0DFCFD5}.Debug|x64.ActiveCfg = Debug|x64
		{E6F22D0F-2EB8-4862-9948-BB0EC0DFCFD5}.Debug|x64.Build.0 = Debug|x64
		{E6F22D0F-2EB8-4862-9948-BB0EC0DFCFD5}.Debug|x86.ActiveCfg = Debug|Win32
		{E6F22D0F-2EB8-4862-9948-BB0EC0DFCFD5}.Debug|x86.Build.0 = Debug|Win32
		{E6F22D0F-2EB8-4862-9948-BB0EC0DFCFD5}.Release|x64.ActiveCfg = Release|x64
		{E6F22D0F-2EB8-4862-9948-BB0EC0DFCFD5}.Release|x64.Build.0 = Release|x64
		{E6F22D0F-2EB8-4862-9948-BB0EC0DFCFD5}.Release|x86.ActiveCfg = Release|Win32
		{E6F22D0F-2EB8-4862-9948-BB0EC0DFCFD5}.Release|x86.Build.0 = Release|Win32
		{CF74D39D-012D-4BE9-B5C5-793513B94984}.Debug|x64.ActiveCfg = Debug|x64
		{CF74D39D-012D-4BE9-B5C5-793513B94984}.Debug|x64.Build.0 = Debug|x64
		{CF74D39D-012D-4BE9-B5C5-793513B94984}.Debug|x86.ActiveCfg = Debug|Win32
		{CF74D39D-012D-4BE9-B5C5-793513B94984}.Debug|x86.Build.0 = Debug|Win32
		{CF74D39D-012D-4BE9-B5C5-793513B94984}.Release|x64.ActiveCfg = Release|x64
		{CF74D39D-012D-4BE9-B5C5-793513B94984}.Release|x64.Build.0 = Release|x64
		{CF74D39D-012D-4BE9-B5C5-793513B94984}.Release|x86.ActiveCfg = Release|Win32
		{CF74D39D-012D-4BE9-B5C5-793513B94984}.Release|x86.Build.0 = Release|Win32
		{64A24F19-646A-4542-90D1-22A626C18C4F}.Debug|x64.ActiveCfg = Debug|x64
		{64A24F19-646A-4542-90D1-22A626C18C4F}.Debug|x64.Build.0 = Debug|x64
		{64A24F19-646A-4542-90D1-22A626C18C4F}.Debug|x86.ActiveCfg = Debug|Win32
		{64A24F19-646A-4542-90D1-22A626C18C4F}.Debug|x86.Build.0 = Debug|Win32
		{64A24F19-646A-4542-90D1-22A626C18C4F}.Release|x64.ActiveCfg = Release|x64
		{64A24F19-646A-4542-90D1-22A626C18C4F}.Release|x64.Build.0 = Release|x64
		{64A24F19-646A-4542-90D1-22A626C18C4F}.Release|x86.ActiveCfg = Release|Win32
		{64A24F19-646A-4542-90D1-22A626C18C4F}.Release|x86.Build.0 = Release|Win32
		{F5BB4AD8-2C11-42CE-84CC-232612A1D4FC}.Debug|x64.ActiveCfg = Debug|x64
		{F5BB4AD8-2C11-42CE-84CC-232612A1D4FC}.Debug|x64.Build.0 = Debug|x64
		{F5BB4AD8-2C11-42CE-84CC-232612A1D4FC}.Debug|x86.ActiveCfg = Debug|Win32
		{F5BB4AD8-2C11-42CE-84CC-232612A1D4FC}.Debug|x86.Build.0 = Debug|Win32
		{F5BB4AD8-2C11-42CE-84CC-232612A1D4FC}.Release|x64.ActiveCfg = Release|x64
		{F5BB4AD8-2C11-42CE-84CC-232612A1D4FC}.Release|x64.Build.0 = Release|x64
		{F5BB4AD8-2C11-42CE-84CC-232612A1D4FC}.Release|x86.ActiveCfg = Release|Win32
		{F5BB4AD8-2C11-42CE-84CC-232612A1D4FC}.Release|x86.Build.0 = Release|Win32
		{BEAAC2A1-BC1F-4EAB-A543-DC23269415A7}.Debug|x64.ActiveCfg = Debug|x64
		{BEAAC2A1-BC1F-4EAB-A543-DC23269415A7}.Debug|x64.Build.0 = Debug|x64
		{BEAAC2A1-BC1F-4EAB-A543-DC23269415A7}.Debug|x86.ActiveCfg = Debug|Win32
		{BEAAC2A1-BC1F-4EAB-A543-DC23269415A7}.Debug|x86.Build.0 = Debug|Win32
		{BEAAC2A1-BC1F-4EAB-A543-DC23269415A7}.Release|x64.ActiveCfg = Release|x64
		{BEAAC2A1-BC1F-4EAB-A543-DC23269415A7}.Release|x64.Build.0 = Release|x64
		{BEAAC2A1-BC1F-4EAB-A543-DC23269415A7}.Release|x86.ActiveCfg = Release|Win32
		{BEAAC2A1-BC1F-4EAB-A543-DC23269415A7}.Release|x86.Build.0 = Release|Win32
		{EA0F9656-6BFA-4828-A31F-4F1C08B68567}.Debug|x64.ActiveCfg = Debug|x64
		{EA0F9656-6BFA-4828-A31F-4F1C08B68567}.Debug|x64.Build.0 = Debug|x64
		{EA0F9656-6BFA-4828-A31F-4F1C08B68567}.Debug|x86.ActiveCfg = Debug|Win32
		{EA0F9656-6BFA-4828-A31F-4F1C08B68567}.Debug|x86.Build.0 = Debug|Win32
		{EA0F9656-6BFA-4828-A31F-4F1C08B68567}.Release|x64.ActiveCfg = Release|x64
		{EA0F9656-6BFA-4828-A31F-4F1C08B68567}.Release|x64.Build.0 = Release|x64
		{EA0F9656-6BFA-4828-A31F-4F1C08B68567}.Release|x86.ActiveCfg = Release|Win32
		{EA0F9656-6BFA-4828-A31F-4F1C08B68567}.Release|x86.Build.0 = Release|Win32
		{B3947C6D-2DED-4EDC-92D4-A9331A77AB23}.Debug|x64.ActiveCfg = Debug|x64
		{B3947C6D-2DED-4EDC-92D4-A9331A77AB23}.Debug|x64.Build.0 = Debug|x64
		{B3947C6D-2DED-4EDC-92D4-A9331A77AB23}.Debug|x86.ActiveCfg = Debug|Win32
		{B3947C6D-2DED-4EDC-92D4-A9331A77AB23}.Debug|x86.Build.0 = Debug|Win32
		{B3947C6D-2DED-4EDC-92D4-A9331A77AB23}.Release|x64.ActiveCfg = Release|x64
		{B3947C6D-2DED-4EDC-92D4-A9331A77AB23}.Release|x64.Build.0 = Release|x64
		{B3947C6D-2DED-4EDC-92D4-A9331A77AB23}.Release|x86.ActiveCfg = Release|Win32
		{B3947C6D-2DED-4EDC-92D4-A9331A77AB23}.Release|x86.Build.0 = Release|Win32
	EndGlobalSection
	GlobalSection(SolutionProperties) = preSolution
		HideSolutionNode = FALSE
	EndGlobalSection
	GlobalSection(ExtensibilityGlobals) = postSolution
		SolutionGuid = {6F450841-CAF5-4BB1-B23E-49741E8E0211}
	EndGlobalSection
EndGlobal
